
Microsoft Visual Studio Solution File, Format Version 12.00
# Visual Studio 15
VisualStudioVersion = 15.0.26124.0
MinimumVisualStudioVersion = 15.0.26124.0
Project("{FAE04EC0-301F-11D3-BF4B-00C04F79EFBC}") = "Quest.Core", "Quest.Core\Quest.Core.csproj", "{A06297D9-E28E-464D-84D3-B2AA7752526C}"
EndProject
Global
	GlobalSection(SolutionConfigurationPlatforms) = preSolution
		Debug|Any CPU = Debug|Any CPU
		Debug|x64 = Debug|x64
		Debug|x86 = Debug|x86
		Release|Any CPU = Release|Any CPU
		Release|x64 = Release|x64
		Release|x86 = Release|x86
	EndGlobalSection
	GlobalSection(SolutionProperties) = preSolution
		HideSolutionNode = FALSE
	EndGlobalSection
	GlobalSection(ProjectConfigurationPlatforms) = postSolution
		{A06297D9-E28E-464D-84D3-B2AA7752526C}.Debug|Any CPU.ActiveCfg = Debug|Any CPU
		{A06297D9-E28E-464D-84D3-B2AA7752526C}.Debug|Any CPU.Build.0 = Debug|Any CPU
		{A06297D9-E28E-464D-84D3-B2AA7752526C}.Debug|x64.ActiveCfg = Debug|Any CPU
		{A06297D9-E28E-464D-84D3-B2AA7752526C}.Debug|x64.Build.0 = Debug|Any CPU
		{A06297D9-E28E-464D-84D3-B2AA7752526C}.Debug|x86.ActiveCfg = Debug|Any CPU
		{A06297D9-E28E-464D-84D3-B2AA7752526C}.Debug|x86.Build.0 = Debug|Any CPU
		{A06297D9-E28E-464D-84D3-B2AA7752526C}.Release|Any CPU.ActiveCfg = Release|Any CPU
		{A06297D9-E28E-464D-84D3-B2AA7752526C}.Release|Any CPU.Build.0 = Release|Any CPU
		{A06297D9-E28E-464D-84D3-B2AA7752526C}.Release|x64.ActiveCfg = Release|Any CPU
		{A06297D9-E28E-464D-84D3-B2AA7752526C}.Release|x64.Build.0 = Release|Any CPU
		{A06297D9-E28E-464D-84D3-B2AA7752526C}.Release|x86.ActiveCfg = Release|Any CPU
		{A06297D9-E28E-464D-84D3-B2AA7752526C}.Release|x86.Build.0 = Release|Any CPU
	EndGlobalSection
EndGlobal
